
Microsoft Visual Studio Solution File, Format Version 12.00
# Visual Studio 2013
VisualStudioVersion = 12.0.21005.1
MinimumVisualStudioVersion = 10.0.40219.1
Project("{2150E333-8FDC-42A3-9474-1A3956D46DE8}") = "Dependencies", "Dependencies", "{D4138F48-F69D-4A1F-8AFD-7D85263D9AF0}"
EndProject
Project("{2150E333-8FDC-42A3-9474-1A3956D46DE8}") = "Patterns", "Patterns", "{1FC4E4BF-502E-427C-AB4F-4744D5F20AEA}"
EndProject
Project("{2150E333-8FDC-42A3-9474-1A3956D46DE8}") = "Services", "Services", "{28252B0B-8537-4366-8F0B-08605903F4E7}"
EndProject
Project("{2150E333-8FDC-42A3-9474-1A3956D46DE8}") = "Tests", "Tests", "{61AD59AE-2A65-4AD1-B3AA-38825298C9BC}"
EndProject
Project("{2150E333-8FDC-42A3-9474-1A3956D46DE8}") = "Integration", "Integration", "{56CD13ED-3459-4040-A541-8D53ADB340BE}"
EndProject
Project("{2150E333-8FDC-42A3-9474-1A3956D46DE8}") = "Unit", "Unit", "{7CA18932-C2B6-4D7B-A65E-D6A6AE9A1373}"
EndProject
Project("{FAE04EC0-301F-11D3-BF4B-00C04F79EFBC}") = "WebCtor.Core", "WebCtor.Core\WebCtor.Core.csproj", "{DEA50C89-962F-41FD-B6D7-804E295B262E}"
EndProject
Project("{FAE04EC0-301F-11D3-BF4B-00C04F79EFBC}") = "WebCtor.Core.Test.Unit", "WebCtor.Core.Test.Unit\WebCtor.Core.Test.Unit.csproj", "{606FCF8A-5409-4A48-91F1-85191A6CB95E}"
EndProject
Project("{FAE04EC0-301F-11D3-BF4B-00C04F79EFBC}") = "WebCtor.Service", "WebCtor.Service\WebCtor.Service.csproj", "{92533675-39F7-4930-8E0C-7277812411E6}"
EndProject
Project("{FAE04EC0-301F-11D3-BF4B-00C04F79EFBC}") = "WebCtor.Service.Test.Unit", "WebCtor.Service.Test.Unit\WebCtor.Service.Test.Unit.csproj", "{87DF71B2-FB77-479C-8E94-F15EA0AAA655}"
EndProject
Project("{FAE04EC0-301F-11D3-BF4B-00C04F79EFBC}") = "WebCtor.Test", "WebCtor.Test\WebCtor.Test.csproj", "{F503FAD2-D420-477A-8F05-FFEC2489479A}"
EndProject
Project("{2150E333-8FDC-42A3-9474-1A3956D46DE8}") = "Dependencies", "Dependencies", "{071B8F6E-F010-41CA-8C90-046AA32FF569}"
EndProject
Project("{2150E333-8FDC-42A3-9474-1A3956D46DE8}") = "Services", "Services", "{9CC8969D-40E9-4C91-94B7-D3A60FA16A02}"
EndProject
Project("{FAE04EC0-301F-11D3-BF4B-00C04F79EFBC}") = "WebCtor.Web.Site.ShroudedMountain", "WebCtor.Web.Site.ShroudedMountain\WebCtor.Web.Site.ShroudedMountain.csproj", "{93F1FE30-9FE1-4B1D-840C-DEFA9C90A7C6}"
EndProject
Project("{2150E333-8FDC-42A3-9474-1A3956D46DE8}") = "Services", "Services", "{E7869F6B-6D5A-4640-9F08-2503B219D3CE}"
EndProject
Project("{FAE04EC0-301F-11D3-BF4B-00C04F79EFBC}") = "WebCtor.Service.Endpoint.WebApi", "WebCtor.Service.Endpoint.WebApi\WebCtor.Service.Endpoint.WebApi.csproj", "{63C5D4C1-8045-4BCA-933D-76DEDCB756FD}"
EndProject
Project("{FAE04EC0-301F-11D3-BF4B-00C04F79EFBC}") = "WebCtor.Service.Endpoint.WebApi.Test.Integration", "WebCtor.Service.Endpoint.WebApi.Test.Integration\WebCtor.Service.Endpoint.WebApi.Test.Integration.csproj", "{7F8C96CC-8049-409D-B446-F400D39452FF}"
EndProject
Project("{FAE04EC0-301F-11D3-BF4B-00C04F79EFBC}") = "WebCtor.Web.Site.ShroudedMountain.Test.Unit", "WebCtor.Web.Site.ShroudedMountain.Test.Unit\WebCtor.Web.Site.ShroudedMountain.Test.Unit.csproj", "{FB06A70F-B2A8-4768-A728-AAD18935B153}"
EndProject
Project("{FAE04EC0-301F-11D3-BF4B-00C04F79EFBC}") = "WebCtor.Web.Site.ShroudedMountain.Test.Integration", "WebCtor.Web.Site.ShroudedMountain.Test.Integration\WebCtor.Web.Site.ShroudedMountain.Test.Integration.csproj", "{DEC46A58-66E1-4043-AE0C-DB925C388D1E}"
EndProject
Global
	GlobalSection(SolutionConfigurationPlatforms) = preSolution
		Debug|Any CPU = Debug|Any CPU
		Release|Any CPU = Release|Any CPU
	EndGlobalSection
	GlobalSection(ProjectConfigurationPlatforms) = postSolution
		{DEA50C89-962F-41FD-B6D7-804E295B262E}.Debug|Any CPU.ActiveCfg = Debug|Any CPU
		{DEA50C89-962F-41FD-B6D7-804E295B262E}.Debug|Any CPU.Build.0 = Debug|Any CPU
		{DEA50C89-962F-41FD-B6D7-804E295B262E}.Release|Any CPU.ActiveCfg = Release|Any CPU
		{DEA50C89-962F-41FD-B6D7-804E295B262E}.Release|Any CPU.Build.0 = Release|Any CPU
		{606FCF8A-5409-4A48-91F1-85191A6CB95E}.Debug|Any CPU.ActiveCfg = Debug|Any CPU
		{606FCF8A-5409-4A48-91F1-85191A6CB95E}.Debug|Any CPU.Build.0 = Debug|Any CPU
		{606FCF8A-5409-4A48-91F1-85191A6CB95E}.Release|Any CPU.ActiveCfg = Release|Any CPU
		{606FCF8A-5409-4A48-91F1-85191A6CB95E}.Release|Any CPU.Build.0 = Release|Any CPU
		{92533675-39F7-4930-8E0C-7277812411E6}.Debug|Any CPU.ActiveCfg = Debug|Any CPU
		{92533675-39F7-4930-8E0C-7277812411E6}.Debug|Any CPU.Build.0 = Debug|Any CPU
		{92533675-39F7-4930-8E0C-7277812411E6}.Release|Any CPU.ActiveCfg = Release|Any CPU
		{92533675-39F7-4930-8E0C-7277812411E6}.Release|Any CPU.Build.0 = Release|Any CPU
		{87DF71B2-FB77-479C-8E94-F15EA0AAA655}.Debug|Any CPU.ActiveCfg = Debug|Any CPU
		{87DF71B2-FB77-479C-8E94-F15EA0AAA655}.Debug|Any CPU.Build.0 = Debug|Any CPU
		{87DF71B2-FB77-479C-8E94-F15EA0AAA655}.Release|Any CPU.ActiveCfg = Release|Any CPU
		{87DF71B2-FB77-479C-8E94-F15EA0AAA655}.Release|Any CPU.Build.0 = Release|Any CPU
		{F503FAD2-D420-477A-8F05-FFEC2489479A}.Debug|Any CPU.ActiveCfg = Debug|Any CPU
		{F503FAD2-D420-477A-8F05-FFEC2489479A}.Debug|Any CPU.Build.0 = Debug|Any CPU
		{F503FAD2-D420-477A-8F05-FFEC2489479A}.Release|Any CPU.ActiveCfg = Release|Any CPU
		{F503FAD2-D420-477A-8F05-FFEC2489479A}.Release|Any CPU.Build.0 = Release|Any CPU
		{93F1FE30-9FE1-4B1D-840C-DEFA9C90A7C6}.Debug|Any CPU.ActiveCfg = Debug|Any CPU
		{93F1FE30-9FE1-4B1D-840C-DEFA9C90A7C6}.Debug|Any CPU.Build.0 = Debug|Any CPU
		{93F1FE30-9FE1-4B1D-840C-DEFA9C90A7C6}.Release|Any CPU.ActiveCfg = Release|Any CPU
		{93F1FE30-9FE1-4B1D-840C-DEFA9C90A7C6}.Release|Any CPU.Build.0 = Release|Any CPU
		{63C5D4C1-8045-4BCA-933D-76DEDCB756FD}.Debug|Any CPU.ActiveCfg = Debug|Any CPU
		{63C5D4C1-8045-4BCA-933D-76DEDCB756FD}.Debug|Any CPU.Build.0 = Debug|Any CPU
		{63C5D4C1-8045-4BCA-933D-76DEDCB756FD}.Release|Any CPU.ActiveCfg = Release|Any CPU
		{63C5D4C1-8045-4BCA-933D-76DEDCB756FD}.Release|Any CPU.Build.0 = Release|Any CPU
		{7F8C96CC-8049-409D-B446-F400D39452FF}.Debug|Any CPU.ActiveCfg = Debug|Any CPU
		{7F8C96CC-8049-409D-B446-F400D39452FF}.Debug|Any CPU.Build.0 = Debug|Any CPU
		{7F8C96CC-8049-409D-B446-F400D39452FF}.Release|Any CPU.ActiveCfg = Release|Any CPU
		{7F8C96CC-8049-409D-B446-F400D39452FF}.Release|Any CPU.Build.0 = Release|Any CPU
		{FB06A70F-B2A8-4768-A728-AAD18935B153}.Debug|Any CPU.ActiveCfg = Debug|Any CPU
		{FB06A70F-B2A8-4768-A728-AAD18935B153}.Debug|Any CPU.Build.0 = Debug|Any CPU
		{FB06A70F-B2A8-4768-A728-AAD18935B153}.Release|Any CPU.ActiveCfg = Release|Any CPU
		{FB06A70F-B2A8-4768-A728-AAD18935B153}.Release|Any CPU.Build.0 = Release|Any CPU
		{DEC46A58-66E1-4043-AE0C-DB925C388D1E}.Debug|Any CPU.ActiveCfg = Debug|Any CPU
		{DEC46A58-66E1-4043-AE0C-DB925C388D1E}.Debug|Any CPU.Build.0 = Debug|Any CPU
		{DEC46A58-66E1-4043-AE0C-DB925C388D1E}.Release|Any CPU.ActiveCfg = Release|Any CPU
		{DEC46A58-66E1-4043-AE0C-DB925C388D1E}.Release|Any CPU.Build.0 = Release|Any CPU
	EndGlobalSection
	GlobalSection(SolutionProperties) = preSolution
		HideSolutionNode = FALSE
	EndGlobalSection
	GlobalSection(NestedProjects) = preSolution
		{DEA50C89-962F-41FD-B6D7-804E295B262E} = {D4138F48-F69D-4A1F-8AFD-7D85263D9AF0}
		{92533675-39F7-4930-8E0C-7277812411E6} = {28252B0B-8537-4366-8F0B-08605903F4E7}
		{63C5D4C1-8045-4BCA-933D-76DEDCB756FD} = {28252B0B-8537-4366-8F0B-08605903F4E7}
		{56CD13ED-3459-4040-A541-8D53ADB340BE} = {61AD59AE-2A65-4AD1-B3AA-38825298C9BC}
		{7CA18932-C2B6-4D7B-A65E-D6A6AE9A1373} = {61AD59AE-2A65-4AD1-B3AA-38825298C9BC}
		{F503FAD2-D420-477A-8F05-FFEC2489479A} = {61AD59AE-2A65-4AD1-B3AA-38825298C9BC}
		{E7869F6B-6D5A-4640-9F08-2503B219D3CE} = {56CD13ED-3459-4040-A541-8D53ADB340BE}
		{DEC46A58-66E1-4043-AE0C-DB925C388D1E} = {56CD13ED-3459-4040-A541-8D53ADB340BE}
		{071B8F6E-F010-41CA-8C90-046AA32FF569} = {7CA18932-C2B6-4D7B-A65E-D6A6AE9A1373}
		{9CC8969D-40E9-4C91-94B7-D3A60FA16A02} = {7CA18932-C2B6-4D7B-A65E-D6A6AE9A1373}
		{FB06A70F-B2A8-4768-A728-AAD18935B153} = {7CA18932-C2B6-4D7B-A65E-D6A6AE9A1373}
		{606FCF8A-5409-4A48-91F1-85191A6CB95E} = {071B8F6E-F010-41CA-8C90-046AA32FF569}
		{87DF71B2-FB77-479C-8E94-F15EA0AAA655} = {9CC8969D-40E9-4C91-94B7-D3A60FA16A02}
		{7F8C96CC-8049-409D-B446-F400D39452FF} = {E7869F6B-6D5A-4640-9F08-2503B219D3CE}
	EndGlobalSection
EndGlobal
